
Microsoft Visual Studio Solution File, Format Version 12.00
# Visual Studio Version 16
VisualStudioVersion = 16.0.31112.23
MinimumVisualStudioVersion = 10.0.40219.1
Project("{FAE04EC0-301F-11D3-BF4B-00C04F79EFBC}") = "Genéricos", "Genéricos.csproj", "{5876703D-2C58-40FA-B439-6D1C27CAA108}"
EndProject
Global
	GlobalSection(SolutionConfigurationPlatforms) = preSolution
		Debug|Any CPU = Debug|Any CPU
		Release|Any CPU = Release|Any CPU
	EndGlobalSection
	GlobalSection(ProjectConfigurationPlatforms) = postSolution
		{5876703D-2C58-40FA-B439-6D1C27CAA108}.Debug|Any CPU.ActiveCfg = Debug|Any CPU
		{5876703D-2C58-40FA-B439-6D1C27CAA108}.Debug|Any CPU.Build.0 = Debug|Any CPU
		{5876703D-2C58-40FA-B439-6D1C27CAA108}.Release|Any CPU.ActiveCfg = Release|Any CPU
		{5876703D-2C58-40FA-B439-6D1C27CAA108}.Release|Any CPU.Build.0 = Release|Any CPU
	EndGlobalSection
	GlobalSection(SolutionProperties) = preSolution
		HideSolutionNode = FALSE
	EndGlobalSection
	GlobalSection(ExtensibilityGlobals) = postSolution
		SolutionGuid = {51750095-F118-4051-8F78-08D0F6B0F0AA}
	EndGlobalSection
EndGlobal
