
Microsoft Visual Studio Solution File, Format Version 12.00
# Visual Studio Version 16
VisualStudioVersion = 16.0.31112.23
MinimumVisualStudioVersion = 10.0.40219.1
Project("{FAE04EC0-301F-11D3-BF4B-00C04F79EFBC}") = "ConsoleApp2", "ConsoleApp2.csproj", "{1CF0EDC3-1C83-4263-AA07-CC4502AA28A2}"
EndProject
Global
	GlobalSection(SolutionConfigurationPlatforms) = preSolution
		Debug|Any CPU = Debug|Any CPU
		Release|Any CPU = Release|Any CPU
	EndGlobalSection
	GlobalSection(ProjectConfigurationPlatforms) = postSolution
		{1CF0EDC3-1C83-4263-AA07-CC4502AA28A2}.Debug|Any CPU.ActiveCfg = Debug|Any CPU
		{1CF0EDC3-1C83-4263-AA07-CC4502AA28A2}.Debug|Any CPU.Build.0 = Debug|Any CPU
		{1CF0EDC3-1C83-4263-AA07-CC4502AA28A2}.Release|Any CPU.ActiveCfg = Release|Any CPU
		{1CF0EDC3-1C83-4263-AA07-CC4502AA28A2}.Release|Any CPU.Build.0 = Release|Any CPU
	EndGlobalSection
	GlobalSection(SolutionProperties) = preSolution
		HideSolutionNode = FALSE
	EndGlobalSection
	GlobalSection(ExtensibilityGlobals) = postSolution
		SolutionGuid = {CAED2B08-0D90-45AB-9B27-E98BA3C80CCB}
	EndGlobalSection
EndGlobal
