
Microsoft Visual Studio Solution File, Format Version 12.00
# Visual Studio Version 16
VisualStudioVersion = 16.0.31112.23
MinimumVisualStudioVersion = 10.0.40219.1
Project("{FAE04EC0-301F-11D3-BF4B-00C04F79EFBC}") = "ClassesTryeDispose", "ClassesTryeDispose.csproj", "{BCA4DD9F-88D8-4F88-8920-4F89E4A954DF}"
EndProject
Global
	GlobalSection(SolutionConfigurationPlatforms) = preSolution
		Debug|Any CPU = Debug|Any CPU
		Release|Any CPU = Release|Any CPU
	EndGlobalSection
	GlobalSection(ProjectConfigurationPlatforms) = postSolution
		{BCA4DD9F-88D8-4F88-8920-4F89E4A954DF}.Debug|Any CPU.ActiveCfg = Debug|Any CPU
		{BCA4DD9F-88D8-4F88-8920-4F89E4A954DF}.Debug|Any CPU.Build.0 = Debug|Any CPU
		{BCA4DD9F-88D8-4F88-8920-4F89E4A954DF}.Release|Any CPU.ActiveCfg = Release|Any CPU
		{BCA4DD9F-88D8-4F88-8920-4F89E4A954DF}.Release|Any CPU.Build.0 = Release|Any CPU
	EndGlobalSection
	GlobalSection(SolutionProperties) = preSolution
		HideSolutionNode = FALSE
	EndGlobalSection
	GlobalSection(ExtensibilityGlobals) = postSolution
		SolutionGuid = {34377EE8-1B18-42E9-8C39-C1F712696737}
	EndGlobalSection
EndGlobal
