
Microsoft Visual Studio Solution File, Format Version 12.00
# Visual Studio Version 16
VisualStudioVersion = 16.0.31112.23
MinimumVisualStudioVersion = 10.0.40219.1
Project("{FAE04EC0-301F-11D3-BF4B-00C04F79EFBC}") = "teste", "teste.csproj", "{FD8B69B6-79A3-414C-8BE1-06954854449C}"
EndProject
Global
	GlobalSection(SolutionConfigurationPlatforms) = preSolution
		Debug|Any CPU = Debug|Any CPU
		Release|Any CPU = Release|Any CPU
	EndGlobalSection
	GlobalSection(ProjectConfigurationPlatforms) = postSolution
		{FD8B69B6-79A3-414C-8BE1-06954854449C}.Debug|Any CPU.ActiveCfg = Debug|Any CPU
		{FD8B69B6-79A3-414C-8BE1-06954854449C}.Debug|Any CPU.Build.0 = Debug|Any CPU
		{FD8B69B6-79A3-414C-8BE1-06954854449C}.Release|Any CPU.ActiveCfg = Release|Any CPU
		{FD8B69B6-79A3-414C-8BE1-06954854449C}.Release|Any CPU.Build.0 = Release|Any CPU
	EndGlobalSection
	GlobalSection(SolutionProperties) = preSolution
		HideSolutionNode = FALSE
	EndGlobalSection
	GlobalSection(ExtensibilityGlobals) = postSolution
		SolutionGuid = {B3DE0E48-99AA-403A-8504-95AA4F96B87C}
	EndGlobalSection
EndGlobal
